
Microsoft Visual Studio Solution File, Format Version 12.00
# Visual Studio 14
VisualStudioVersion = 14.0.23107.0
MinimumVisualStudioVersion = 10.0.40219.1
Project("{FAE04EC0-301F-11D3-BF4B-00C04F79EFBC}") = "Tay_grace_mod8_db_arrays", "Tay_grace_mod8_db_arrays\Tay_grace_mod8_db_arrays.csproj", "{AF45C323-7D0B-4117-ACF4-30DFAA1CCEAB}"
EndProject
Global
	GlobalSection(SolutionConfigurationPlatforms) = preSolution
		Debug|Any CPU = Debug|Any CPU
		Release|Any CPU = Release|Any CPU
	EndGlobalSection
	GlobalSection(ProjectConfigurationPlatforms) = postSolution
		{AF45C323-7D0B-4117-ACF4-30DFAA1CCEAB}.Debug|Any CPU.ActiveCfg = Debug|Any CPU
		{AF45C323-7D0B-4117-ACF4-30DFAA1CCEAB}.Debug|Any CPU.Build.0 = Debug|Any CPU
		{AF45C323-7D0B-4117-ACF4-30DFAA1CCEAB}.Release|Any CPU.ActiveCfg = Release|Any CPU
		{AF45C323-7D0B-4117-ACF4-30DFAA1CCEAB}.Release|Any CPU.Build.0 = Release|Any CPU
	EndGlobalSection
	GlobalSection(SolutionProperties) = preSolution
		HideSolutionNode = FALSE
	EndGlobalSection
EndGlobal
